PODS:
  - Alamofire (5.4.4)
  - SnapKit (5.6.0)
  - SwiftProtobuf (1.22.1)

DEPENDENCIES:
  - Alamofire (~> 5.4.4)
  - SnapKit
  - SwiftProtobuf

SPEC REPOS:
  https://github.com/CocoaPods/Specs.git:
    - Alamofire
    - SnapKit
    - SwiftProtobuf

SPEC CHECKSUMS:
  Alamofire: f3b09a368f1582ab751b3fff5460276e0d2cf5c9
  SnapKit: e01d52ebb8ddbc333eefe2132acf85c8227d9c25
  SwiftProtobuf: 7773c4e96a99d7b8ab7cda0fc30a883732ff93b1

PODFILE CHECKSUM: c47c64807fae991c8fbb4aae23859e8796be9d59

COCOAPODS: 1.11.2
