PODS:
  - Alamofire (5.4.4)
  - AliPlayerSDK_iOS (5.4.7.1):
    - AliPlayerSDK_iOS/AliPlayerSDK (= 5.4.7.1)
  - AliPlayerSDK_iOS/AliPlayerSDK (5.4.7.1)
  - AliPlayerSDK_iOS_ARTC (5.4.7.1):
    - AliPlayerSDK_iOS_ARTC/AliPlayerSDK (= 5.4.7.1)
  - AliPlayerSDK_iOS_ARTC/AliPlayerSDK (5.4.7.1)
  - DatabaseVisual (0.0.2)
  - RtsSDK (2.2.0)
  - SnapKit (5.6.0)
  - SwiftProtobuf (1.22.1)

DEPENDENCIES:
  - Alamofire (~> 5.4.4)
  - AliPlayerSDK_iOS (= 5.4.7.1)
  - AliPlayerSDK_iOS_ARTC (= 5.4.7.1)
  - DatabaseVisual
  - RtsSDK (= 2.2.0)
  - SnapKit
  - SwiftProtobuf

SPEC REPOS:
  https://github.com/CocoaPods/Specs.git:
    - Alamofire
    - AliPlayerSDK_iOS
    - AliPlayerSDK_iOS_ARTC
    - DatabaseVisual
    - RtsSDK
    - SnapKit
    - SwiftProtobuf

SPEC CHECKSUMS:
  Alamofire: f3b09a368f1582ab751b3fff5460276e0d2cf5c9
  AliPlayerSDK_iOS: f5214cba6536e635b21c0d625a438b05deecbadf
  AliPlayerSDK_iOS_ARTC: 4912553663d47f5956e71f340693dd2269a23916
  DatabaseVisual: dce6db47d054e4e88a496003309146c3fd92a3a2
  RtsSDK: 6301f94561f3273f04caa974a8744f48dbc055d2
  SnapKit: e01d52ebb8ddbc333eefe2132acf85c8227d9c25
  SwiftProtobuf: 7773c4e96a99d7b8ab7cda0fc30a883732ff93b1

PODFILE CHECKSUM: 46bc801adc2d41fb0465a0899d4ca7c635985456

COCOAPODS: 1.11.2
