// !$*UTF8*$!
{
	archiveVersion = 1;
	classes = {
	};
	objectVersion = 54;
	objects = {

/* Begin PBXBuildFile section */
		6FC19D61FED503596430B238 /* Pods_Maxmoo.framework in Frameworks */ = {isa = PBXBuildFile; fileRef = 1E4FEF59AF8E0D802738BE7B /* Pods_Maxmoo.framework */; };
		B303175F2B45706400D8B8F9 /* AliPlayerViewController.swift in Sources */ = {isa = PBXBuildFile; fileRef = B303175E2B45706400D8B8F9 /* AliPlayerViewController.swift */; };
		B30317612B4573A400D8B8F9 /* license.crt in Resources */ = {isa = PBXBuildFile; fileRef = B30317602B4573A400D8B8F9 /* license.crt */; };
		B31849072B340A0100D9B9B8 /* CCAnimateListController.swift in Sources */ = {isa = PBXBuildFile; fileRef = B31849062B340A0100D9B9B8 /* CCAnimateListController.swift */; };
		B31849092B340A4F00D9B9B8 /* CCCircleAnimateController.swift in Sources */ = {isa = PBXBuildFile; fileRef = B31849082B340A4F00D9B9B8 /* CCCircleAnimateController.swift */; };
		B31849122B3534E700D9B9B8 /* SwiftUIController.swift in Sources */ = {isa = PBXBuildFile; fileRef = B31849112B3534E700D9B9B8 /* SwiftUIController.swift */; };
		B31849152B35354F00D9B9B8 /* SwiftUIHelloController.swift in Sources */ = {isa = PBXBuildFile; fileRef = B31849142B35354F00D9B9B8 /* SwiftUIHelloController.swift */; };
		B31849172B353AD400D9B9B8 /* SUHello.swift in Sources */ = {isa = PBXBuildFile; fileRef = B31849162B353AD400D9B9B8 /* SUHello.swift */; };
		B343501C2B5CF36A00D974AA /* ChartViewController.swift in Sources */ = {isa = PBXBuildFile; fileRef = B343501B2B5CF36A00D974AA /* ChartViewController.swift */; };
		B343501F2B5CF40700D974AA /* CRSTrackClimbChartView.swift in Sources */ = {isa = PBXBuildFile; fileRef = B343501E2B5CF40700D974AA /* CRSTrackClimbChartView.swift */; };
		B34350242B5D04A000D974AA /* UIBezierPath+curved.m in Sources */ = {isa = PBXBuildFile; fileRef = B34350222B5D04A000D974AA /* UIBezierPath+curved.m */; };
		B368B0672AB3F87800ED6E43 /* ImageStudyController.swift in Sources */ = {isa = PBXBuildFile; fileRef = B368B0662AB3F87800ED6E43 /* ImageStudyController.swift */; };
		B3793A3F2B216D1600A038D8 /* CRSCastScreenDataStyle.swift in Sources */ = {isa = PBXBuildFile; fileRef = B3793A3E2B216D1600A038D8 /* CRSCastScreenDataStyle.swift */; };
		B3793A412B21766A00A038D8 /* CastScreenDataTestController.swift in Sources */ = {isa = PBXBuildFile; fileRef = B3793A402B21766A00A038D8 /* CastScreenDataTestController.swift */; };
		B3793A442B2199C200A038D8 /* CRSCastScreenDataSettingController.swift in Sources */ = {isa = PBXBuildFile; fileRef = B3793A432B2199C200A038D8 /* CRSCastScreenDataSettingController.swift */; };
		B3793A4D2B21A0AF00A038D8 /* CRSCastScreenOrderCell.swift in Sources */ = {isa = PBXBuildFile; fileRef = B3793A4B2B21A0AF00A038D8 /* CRSCastScreenOrderCell.swift */; };
		B3793A4E2B21A0AF00A038D8 /* CRSCastScreenOrderCell.xib in Resources */ = {isa = PBXBuildFile; fileRef = B3793A4C2B21A0AF00A038D8 /* CRSCastScreenOrderCell.xib */; };
		B39842392B5524A70028D32B /* OCStudyViewController.m in Sources */ = {isa = PBXBuildFile; fileRef = B39842382B5524A70028D32B /* OCStudyViewController.m */; };
		B398423C2B561FC10028D32B /* CStudyViewController.m in Sources */ = {isa = PBXBuildFile; fileRef = B398423B2B561FC10028D32B /* CStudyViewController.m */; };
		B3AF184D2B502182004FD144 /* SQLiteSwiftViewController.swift in Sources */ = {isa = PBXBuildFile; fileRef = B3AF184C2B502182004FD144 /* SQLiteSwiftViewController.swift */; };
		B3B1EFC62AA96F44005E6E06 /* WatchScrollController.swift in Sources */ = {isa = PBXBuildFile; fileRef = B3B1EFC52AA96F44005E6E06 /* WatchScrollController.swift */; };
		B3B1EFC92AA99FF8005E6E06 /* CRSCusSpoPageView.swift in Sources */ = {isa = PBXBuildFile; fileRef = B3B1EFC82AA99FF8005E6E06 /* CRSCusSpoPageView.swift */; };
		B3B1EFCB2AA9AD45005E6E06 /* CRSCusSpoDataScreenController.swift in Sources */ = {isa = PBXBuildFile; fileRef = B3B1EFCA2AA9AD45005E6E06 /* CRSCusSpoDataScreenController.swift */; };
		B3B1EFCD2AA9E8EE005E6E06 /* CRSCusSpoPageIndicator.swift in Sources */ = {isa = PBXBuildFile; fileRef = B3B1EFCC2AA9E8EE005E6E06 /* CRSCusSpoPageIndicator.swift */; };
		B3B9E0A22B19BC3E0004B9F8 /* CRSCastScreenDataController.swift in Sources */ = {isa = PBXBuildFile; fileRef = B3B9E0A12B19BC3E0004B9F8 /* CRSCastScreenDataController.swift */; };
		B3B9E0A52B19C8E20004B9F8 /* CRSCastScreenDataCell.swift in Sources */ = {isa = PBXBuildFile; fileRef = B3B9E0A32B19C8E20004B9F8 /* CRSCastScreenDataCell.swift */; };
		B3B9E0A62B19C8E20004B9F8 /* CRSCastScreenDataCell.xib in Resources */ = {isa = PBXBuildFile; fileRef = B3B9E0A42B19C8E20004B9F8 /* CRSCastScreenDataCell.xib */; };
		B3C046B72AD1597100A275BD /* ReadFileViewController.swift in Sources */ = {isa = PBXBuildFile; fileRef = B3C046B62AD1597100A275BD /* ReadFileViewController.swift */; };
		B3C046BA2AD1599F00A275BD /* res_4_0.json in Resources */ = {isa = PBXBuildFile; fileRef = B3C046B92AD1599F00A275BD /* res_4_0.json */; };
		B3C046BC2AD15AC500A275BD /* keyCodeAble.json in Resources */ = {isa = PBXBuildFile; fileRef = B3C046BB2AD15AC500A275BD /* keyCodeAble.json */; };
		B3C45E002A98754C00AD3586 /* AppDelegate.swift in Sources */ = {isa = PBXBuildFile; fileRef = B3C45DFF2A98754C00AD3586 /* AppDelegate.swift */; };
		B3C45E042A98754C00AD3586 /* ViewController.swift in Sources */ = {isa = PBXBuildFile; fileRef = B3C45E032A98754C00AD3586 /* ViewController.swift */; };
		B3C45E072A98754C00AD3586 /* Main.storyboard in Resources */ = {isa = PBXBuildFile; fileRef = B3C45E052A98754C00AD3586 /* Main.storyboard */; };
		B3C45E092A98754D00AD3586 /* Assets.xcassets in Resources */ = {isa = PBXBuildFile; fileRef = B3C45E082A98754D00AD3586 /* Assets.xcassets */; };
		B3C45E0C2A98754D00AD3586 /* LaunchScreen.storyboard in Resources */ = {isa = PBXBuildFile; fileRef = B3C45E0A2A98754D00AD3586 /* LaunchScreen.storyboard */; };
		B3C45E172A98754D00AD3586 /* MaxmooTests.swift in Sources */ = {isa = PBXBuildFile; fileRef = B3C45E162A98754D00AD3586 /* MaxmooTests.swift */; };
		B3C45E212A98754D00AD3586 /* MaxmooUITests.swift in Sources */ = {isa = PBXBuildFile; fileRef = B3C45E202A98754D00AD3586 /* MaxmooUITests.swift */; };
		B3C45E232A98754D00AD3586 /* MaxmooUITestsLaunchTests.swift in Sources */ = {isa = PBXBuildFile; fileRef = B3C45E222A98754D00AD3586 /* MaxmooUITestsLaunchTests.swift */; };
		B3C45E302A98A6B800AD3586 /* SceneDelegate.swift in Sources */ = {isa = PBXBuildFile; fileRef = B3C45E2F2A98A6B800AD3586 /* SceneDelegate.swift */; };
		B3C45E392A98ABC600AD3586 /* StudyViewController.swift in Sources */ = {isa = PBXBuildFile; fileRef = B3C45E382A98ABC600AD3586 /* StudyViewController.swift */; };
		B3C45E3B2A98ABD400AD3586 /* ThirdViewController.swift in Sources */ = {isa = PBXBuildFile; fileRef = B3C45E3A2A98ABD400AD3586 /* ThirdViewController.swift */; };
		B3C45E3D2A98ABE000AD3586 /* CollectViewController.swift in Sources */ = {isa = PBXBuildFile; fileRef = B3C45E3C2A98ABE000AD3586 /* CollectViewController.swift */; };
		B3C45E412A98AC9100AD3586 /* CCBaseViewController.swift in Sources */ = {isa = PBXBuildFile; fileRef = B3C45E402A98AC9000AD3586 /* CCBaseViewController.swift */; };
		B3C45E472A98AF0700AD3586 /* UIColor+CC.swift in Sources */ = {isa = PBXBuildFile; fileRef = B3C45E462A98AF0700AD3586 /* UIColor+CC.swift */; };
		B3C45E492A9C334A00AD3586 /* String+CC.swift in Sources */ = {isa = PBXBuildFile; fileRef = B3C45E482A9C334A00AD3586 /* String+CC.swift */; };
		B3C45E4C2A9C3AF500AD3586 /* ExpandCellViewController.swift in Sources */ = {isa = PBXBuildFile; fileRef = B3C45E4B2A9C3AF500AD3586 /* ExpandCellViewController.swift */; };
		B3C45E4E2A9C3B1800AD3586 /* CellViewController.swift in Sources */ = {isa = PBXBuildFile; fileRef = B3C45E4D2A9C3B1800AD3586 /* CellViewController.swift */; };
		B3C45E502A9C3C6B00AD3586 /* ItemListViewController.swift in Sources */ = {isa = PBXBuildFile; fileRef = B3C45E4F2A9C3C6B00AD3586 /* ItemListViewController.swift */; };
		B3C45E5D2A9C6A9E00AD3586 /* ExpandTableViewCell.swift in Sources */ = {isa = PBXBuildFile; fileRef = B3C45E5B2A9C6A9E00AD3586 /* ExpandTableViewCell.swift */; };
		B3C45E5E2A9C6A9E00AD3586 /* ExpandTableViewCell.xib in Resources */ = {isa = PBXBuildFile; fileRef = B3C45E5C2A9C6A9E00AD3586 /* ExpandTableViewCell.xib */; };
		B3C45E612A9C6B3B00AD3586 /* ExpandCellItem.swift in Sources */ = {isa = PBXBuildFile; fileRef = B3C45E602A9C6B3B00AD3586 /* ExpandCellItem.swift */; };
		B3C45E632A9C76F400AD3586 /* CRSSingleRowPickerView.swift in Sources */ = {isa = PBXBuildFile; fileRef = B3C45E622A9C76F400AD3586 /* CRSSingleRowPickerView.swift */; };
		B3C45E662A9C77F100AD3586 /* CRSSinglePickerController.swift in Sources */ = {isa = PBXBuildFile; fileRef = B3C45E652A9C77F100AD3586 /* CRSSinglePickerController.swift */; };
		B3C45E682A9C7F7F00AD3586 /* UIView+CC.swift in Sources */ = {isa = PBXBuildFile; fileRef = B3C45E672A9C7F7F00AD3586 /* UIView+CC.swift */; };
		B3C45E6A2A9C7F8E00AD3586 /* CALayer+CC.swift in Sources */ = {isa = PBXBuildFile; fileRef = B3C45E692A9C7F8E00AD3586 /* CALayer+CC.swift */; };
		B3C45E6D2A9C819D00AD3586 /* CCMacro.swift in Sources */ = {isa = PBXBuildFile; fileRef = B3C45E6C2A9C819D00AD3586 /* CCMacro.swift */; };
		B3C45E6F2A9C829600AD3586 /* CCPublic.swift in Sources */ = {isa = PBXBuildFile; fileRef = B3C45E6E2A9C829600AD3586 /* CCPublic.swift */; };
		B3C45E712A9C839E00AD3586 /* Double+CC.swift in Sources */ = {isa = PBXBuildFile; fileRef = B3C45E702A9C839E00AD3586 /* Double+CC.swift */; };
		B3C45E732A9C83AF00AD3586 /* Int+CC.swift in Sources */ = {isa = PBXBuildFile; fileRef = B3C45E722A9C83AF00AD3586 /* Int+CC.swift */; };
		B3C45E752A9C83C400AD3586 /* Array+CC.swift in Sources */ = {isa = PBXBuildFile; fileRef = B3C45E742A9C83C400AD3586 /* Array+CC.swift */; };
		B3C45E772A9C851F00AD3586 /* UIImage+CC.swift in Sources */ = {isa = PBXBuildFile; fileRef = B3C45E762A9C851F00AD3586 /* UIImage+CC.swift */; };
		B3C45E7B2A9C85C900AD3586 /* UIViewController+CC.swift in Sources */ = {isa = PBXBuildFile; fileRef = B3C45E7A2A9C85C900AD3586 /* UIViewController+CC.swift */; };
		B3C45E7E2A9C930600AD3586 /* PageStudyViewController.swift in Sources */ = {isa = PBXBuildFile; fileRef = B3C45E7D2A9C930600AD3586 /* PageStudyViewController.swift */; };
		B3C45E802A9C934700AD3586 /* PageGuideViewController.swift in Sources */ = {isa = PBXBuildFile; fileRef = B3C45E7F2A9C934700AD3586 /* PageGuideViewController.swift */; };
		B3C45E832A9C93B500AD3586 /* PageGuide1ViewController.swift in Sources */ = {isa = PBXBuildFile; fileRef = B3C45E822A9C93B500AD3586 /* PageGuide1ViewController.swift */; };
		B3C45E852A9C93C300AD3586 /* PageGuide2ViewController.swift in Sources */ = {isa = PBXBuildFile; fileRef = B3C45E842A9C93C300AD3586 /* PageGuide2ViewController.swift */; };
		B3C45E872A9C93CF00AD3586 /* PageGuide3ViewController.swift in Sources */ = {isa = PBXBuildFile; fileRef = B3C45E862A9C93CF00AD3586 /* PageGuide3ViewController.swift */; };
		B3C45E8A2A9DCD6200AD3586 /* CollectionViewStudyController.swift in Sources */ = {isa = PBXBuildFile; fileRef = B3C45E892A9DCD6200AD3586 /* CollectionViewStudyController.swift */; };
		B3C45E8C2A9DCDE400AD3586 /* VWatchCollectionViewController.swift in Sources */ = {isa = PBXBuildFile; fileRef = B3C45E8B2A9DCDE400AD3586 /* VWatchCollectionViewController.swift */; };
		B3C45E8E2A9F1E8800AD3586 /* AddAnimateCollectionController.swift in Sources */ = {isa = PBXBuildFile; fileRef = B3C45E8D2A9F1E8800AD3586 /* AddAnimateCollectionController.swift */; };
		B3C45E902A9F26DA00AD3586 /* TableCollectionController.swift in Sources */ = {isa = PBXBuildFile; fileRef = B3C45E8F2A9F26DA00AD3586 /* TableCollectionController.swift */; };
		B3C45EA32AA025B200AD3586 /* AppleMapViewController.swift in Sources */ = {isa = PBXBuildFile; fileRef = B3C45EA22AA025B200AD3586 /* AppleMapViewController.swift */; };
		B3C45EA52AA0260B00AD3586 /* AppleMapStyleChangeController.swift in Sources */ = {isa = PBXBuildFile; fileRef = B3C45EA42AA0260B00AD3586 /* AppleMapStyleChangeController.swift */; };
		B3C45EE72AA71BE700AD3586 /* SegmentViewController.swift in Sources */ = {isa = PBXBuildFile; fileRef = B3C45EE62AA71BE700AD3586 /* SegmentViewController.swift */; };
		B3C45EE92AA71C1D00AD3586 /* CRSPageSegmentView.swift in Sources */ = {isa = PBXBuildFile; fileRef = B3C45EE82AA71C1D00AD3586 /* CRSPageSegmentView.swift */; };
		B3C45EF32AA81AE100AD3586 /* CellEditViewController.swift in Sources */ = {isa = PBXBuildFile; fileRef = B3C45EF22AA81AE100AD3586 /* CellEditViewController.swift */; };
		B3C45EF62AA81CDA00AD3586 /* CellEditMoveCell.swift in Sources */ = {isa = PBXBuildFile; fileRef = B3C45EF42AA81CDA00AD3586 /* CellEditMoveCell.swift */; };
		B3C45EF72AA81CDA00AD3586 /* CellEditMoveCell.xib in Resources */ = {isa = PBXBuildFile; fileRef = B3C45EF52AA81CDA00AD3586 /* CellEditMoveCell.xib */; };
		B3DF7CEA2AD7D4520042E755 /* JSONViewController.swift in Sources */ = {isa = PBXBuildFile; fileRef = B3DF7CE92AD7D4520042E755 /* JSONViewController.swift */; };
/* End PBXBuildFile section */

/* Begin PBXContainerItemProxy section */
		B3C45E132A98754D00AD3586 /* PBXContainerItemProxy */ = {
			isa = PBXContainerItemProxy;
			containerPortal = B3C45DF42A98754C00AD3586 /* Project object */;
			proxyType = 1;
			remoteGlobalIDString = B3C45DFB2A98754C00AD3586;
			remoteInfo = Maxmoo;
		};
		B3C45E1D2A98754D00AD3586 /* PBXContainerItemProxy */ = {
			isa = PBXContainerItemProxy;
			containerPortal = B3C45DF42A98754C00AD3586 /* Project object */;
			proxyType = 1;
			remoteGlobalIDString = B3C45DFB2A98754C00AD3586;
			remoteInfo = Maxmoo;
		};
/* End PBXContainerItemProxy section */

/* Begin PBXFileReference section */
		1E4FEF59AF8E0D802738BE7B /* Pods_Maxmoo.framework */ = {isa = PBXFileReference; explicitFileType = wrapper.framework; includeInIndex = 0; path = Pods_Maxmoo.framework; sourceTree = BUILT_PRODUCTS_DIR; };
		1F76971B15181D9E3E6D4CB0 /* Pods-Maxmoo.release.xcconfig */ = {isa = PBXFileReference; includeInIndex = 1; lastKnownFileType = text.xcconfig; name = "Pods-Maxmoo.release.xcconfig"; path = "Target Support Files/Pods-Maxmoo/Pods-Maxmoo.release.xcconfig"; sourceTree = "<group>"; };
		8215677A8014EFD0213139E6 /* Pods-Maxmoo.debug.xcconfig */ = {isa = PBXFileReference; includeInIndex = 1; lastKnownFileType = text.xcconfig; name = "Pods-Maxmoo.debug.xcconfig"; path = "Target Support Files/Pods-Maxmoo/Pods-Maxmoo.debug.xcconfig"; sourceTree = "<group>"; };
		B303175E2B45706400D8B8F9 /* AliPlayerViewController.swift */ = {isa = PBXFileReference; lastKnownFileType = sourcecode.swift; path = AliPlayerViewController.swift; sourceTree = "<group>"; };
		B30317602B4573A400D8B8F9 /* license.crt */ = {isa = PBXFileReference; fileEncoding = 4; lastKnownFileType = text; path = license.crt; sourceTree = "<group>"; };
		B31849062B340A0100D9B9B8 /* CCAnimateListController.swift */ = {isa = PBXFileReference; lastKnownFileType = sourcecode.swift; path = CCAnimateListController.swift; sourceTree = "<group>"; };
		B31849082B340A4F00D9B9B8 /* CCCircleAnimateController.swift */ = {isa = PBXFileReference; lastKnownFileType = sourcecode.swift; path = CCCircleAnimateController.swift; sourceTree = "<group>"; };
		B31849112B3534E700D9B9B8 /* SwiftUIController.swift */ = {isa = PBXFileReference; lastKnownFileType = sourcecode.swift; path = SwiftUIController.swift; sourceTree = "<group>"; };
		B31849142B35354F00D9B9B8 /* SwiftUIHelloController.swift */ = {isa = PBXFileReference; lastKnownFileType = sourcecode.swift; path = SwiftUIHelloController.swift; sourceTree = "<group>"; };
		B31849162B353AD400D9B9B8 /* SUHello.swift */ = {isa = PBXFileReference; lastKnownFileType = sourcecode.swift; path = SUHello.swift; sourceTree = "<group>"; };
		B343501B2B5CF36A00D974AA /* ChartViewController.swift */ = {isa = PBXFileReference; lastKnownFileType = sourcecode.swift; path = ChartViewController.swift; sourceTree = "<group>"; };
		B343501E2B5CF40700D974AA /* CRSTrackClimbChartView.swift */ = {isa = PBXFileReference; lastKnownFileType = sourcecode.swift; path = CRSTrackClimbChartView.swift; sourceTree = "<group>"; };
		B34350222B5D04A000D974AA /* UIBezierPath+curved.m */ = {isa = PBXFileReference; fileEncoding = 4; lastKnownFileType = sourcecode.c.objc; path = "UIBezierPath+curved.m"; sourceTree = "<group>"; };
		B34350232B5D04A000D974AA /* UIBezierPath+curved.h */ = {isa = PBXFileReference; fileEncoding = 4; lastKnownFileType = sourcecode.c.h; path = "UIBezierPath+curved.h"; sourceTree = "<group>"; };
		B368B0662AB3F87800ED6E43 /* ImageStudyController.swift */ = {isa = PBXFileReference; lastKnownFileType = sourcecode.swift; path = ImageStudyController.swift; sourceTree = "<group>"; };
		B3793A3E2B216D1600A038D8 /* CRSCastScreenDataStyle.swift */ = {isa = PBXFileReference; lastKnownFileType = sourcecode.swift; path = CRSCastScreenDataStyle.swift; sourceTree = "<group>"; };
		B3793A402B21766A00A038D8 /* CastScreenDataTestController.swift */ = {isa = PBXFileReference; lastKnownFileType = sourcecode.swift; path = CastScreenDataTestController.swift; sourceTree = "<group>"; };
		B3793A432B2199C200A038D8 /* CRSCastScreenDataSettingController.swift */ = {isa = PBXFileReference; lastKnownFileType = sourcecode.swift; path = CRSCastScreenDataSettingController.swift; sourceTree = "<group>"; };
		B3793A4B2B21A0AF00A038D8 /* CRSCastScreenOrderCell.swift */ = {isa = PBXFileReference; lastKnownFileType = sourcecode.swift; path = CRSCastScreenOrderCell.swift; sourceTree = "<group>"; };
		B3793A4C2B21A0AF00A038D8 /* CRSCastScreenOrderCell.xib */ = {isa = PBXFileReference; lastKnownFileType = file.xib; path = CRSCastScreenOrderCell.xib; sourceTree = "<group>"; };
		B39842362B5524A70028D32B /* Maxmoo-Bridging-Header.h */ = {isa = PBXFileReference; lastKnownFileType = sourcecode.c.h; path = "Maxmoo-Bridging-Header.h"; sourceTree = "<group>"; };
		B39842372B5524A70028D32B /* OCStudyViewController.h */ = {isa = PBXFileReference; lastKnownFileType = sourcecode.c.h; path = OCStudyViewController.h; sourceTree = "<group>"; };
		B39842382B5524A70028D32B /* OCStudyViewController.m */ = {isa = PBXFileReference; lastKnownFileType = sourcecode.c.objc; path = OCStudyViewController.m; sourceTree = "<group>"; };
		B398423A2B561FC10028D32B /* CStudyViewController.h */ = {isa = PBXFileReference; lastKnownFileType = sourcecode.c.h; path = CStudyViewController.h; sourceTree = "<group>"; };
		B398423B2B561FC10028D32B /* CStudyViewController.m */ = {isa = PBXFileReference; lastKnownFileType = sourcecode.c.objc; path = CStudyViewController.m; sourceTree = "<group>"; };
		B3AF184C2B502182004FD144 /* SQLiteSwiftViewController.swift */ = {isa = PBXFileReference; lastKnownFileType = sourcecode.swift; path = SQLiteSwiftViewController.swift; sourceTree = "<group>"; };
		B3B1EFC52AA96F44005E6E06 /* WatchScrollController.swift */ = {isa = PBXFileReference; lastKnownFileType = sourcecode.swift; path = WatchScrollController.swift; sourceTree = "<group>"; };
		B3B1EFC82AA99FF8005E6E06 /* CRSCusSpoPageView.swift */ = {isa = PBXFileReference; lastKnownFileType = sourcecode.swift; path = CRSCusSpoPageView.swift; sourceTree = "<group>"; };
		B3B1EFCA2AA9AD45005E6E06 /* CRSCusSpoDataScreenController.swift */ = {isa = PBXFileReference; lastKnownFileType = sourcecode.swift; path = CRSCusSpoDataScreenController.swift; sourceTree = "<group>"; };
		B3B1EFCC2AA9E8EE005E6E06 /* CRSCusSpoPageIndicator.swift */ = {isa = PBXFileReference; lastKnownFileType = sourcecode.swift; path = CRSCusSpoPageIndicator.swift; sourceTree = "<group>"; };
		B3B9E0A12B19BC3E0004B9F8 /* CRSCastScreenDataController.swift */ = {isa = PBXFileReference; lastKnownFileType = sourcecode.swift; path = CRSCastScreenDataController.swift; sourceTree = "<group>"; };
		B3B9E0A32B19C8E20004B9F8 /* CRSCastScreenDataCell.swift */ = {isa = PBXFileReference; lastKnownFileType = sourcecode.swift; path = CRSCastScreenDataCell.swift; sourceTree = "<group>"; };
		B3B9E0A42B19C8E20004B9F8 /* CRSCastScreenDataCell.xib */ = {isa = PBXFileReference; lastKnownFileType = file.xib; path = CRSCastScreenDataCell.xib; sourceTree = "<group>"; };
		B3C046B62AD1597100A275BD /* ReadFileViewController.swift */ = {isa = PBXFileReference; lastKnownFileType = sourcecode.swift; path = ReadFileViewController.swift; sourceTree = "<group>"; };
		B3C046B92AD1599F00A275BD /* res_4_0.json */ = {isa = PBXFileReference; fileEncoding = 4; lastKnownFileType = text.json; path = res_4_0.json; sourceTree = "<group>"; };
		B3C046BB2AD15AC500A275BD /* keyCodeAble.json */ = {isa = PBXFileReference; fileEncoding = 4; lastKnownFileType = text.json; path = keyCodeAble.json; sourceTree = "<group>"; };
		B3C45DFC2A98754C00AD3586 /* Maxmoo.app */ = {isa = PBXFileReference; explicitFileType = wrapper.application; includeInIndex = 0; path = Maxmoo.app; sourceTree = BUILT_PRODUCTS_DIR; };
		B3C45DFF2A98754C00AD3586 /* AppDelegate.swift */ = {isa = PBXFileReference; lastKnownFileType = sourcecode.swift; path = AppDelegate.swift; sourceTree = "<group>"; };
		B3C45E032A98754C00AD3586 /* ViewController.swift */ = {isa = PBXFileReference; lastKnownFileType = sourcecode.swift; path = ViewController.swift; sourceTree = "<group>"; };
		B3C45E062A98754C00AD3586 /* Base */ = {isa = PBXFileReference; lastKnownFileType = file.storyboard; name = Base; path = Base.lproj/Main.storyboard; sourceTree = "<group>"; };
		B3C45E082A98754D00AD3586 /* Assets.xcassets */ = {isa = PBXFileReference; lastKnownFileType = folder.assetcatalog; path = Assets.xcassets; sourceTree = "<group>"; };
		B3C45E0B2A98754D00AD3586 /* Base */ = {isa = PBXFileReference; lastKnownFileType = file.storyboard; name = Base; path = Base.lproj/LaunchScreen.storyboard; sourceTree = "<group>"; };
		B3C45E0D2A98754D00AD3586 /* Info.plist */ = {isa = PBXFileReference; lastKnownFileType = text.plist.xml; path = Info.plist; sourceTree = "<group>"; };
		B3C45E122A98754D00AD3586 /* MaxmooTests.xctest */ = {isa = PBXFileReference; explicitFileType = wrapper.cfbundle; includeInIndex = 0; path = MaxmooTests.xctest; sourceTree = BUILT_PRODUCTS_DIR; };
		B3C45E162A98754D00AD3586 /* MaxmooTests.swift */ = {isa = PBXFileReference; lastKnownFileType = sourcecode.swift; path = MaxmooTests.swift; sourceTree = "<group>"; };
		B3C45E1C2A98754D00AD3586 /* MaxmooUITests.xctest */ = {isa = PBXFileReference; explicitFileType = wrapper.cfbundle; includeInIndex = 0; path = MaxmooUITests.xctest; sourceTree = BUILT_PRODUCTS_DIR; };
		B3C45E202A98754D00AD3586 /* MaxmooUITests.swift */ = {isa = PBXFileReference; lastKnownFileType = sourcecode.swift; path = MaxmooUITests.swift; sourceTree = "<group>"; };
		B3C45E222A98754D00AD3586 /* MaxmooUITestsLaunchTests.swift */ = {isa = PBXFileReference; lastKnownFileType = sourcecode.swift; path = MaxmooUITestsLaunchTests.swift; sourceTree = "<group>"; };
		B3C45E2F2A98A6B800AD3586 /* SceneDelegate.swift */ = {isa = PBXFileReference; fileEncoding = 4; lastKnownFileType = sourcecode.swift; path = SceneDelegate.swift; sourceTree = "<group>"; };
		B3C45E382A98ABC600AD3586 /* StudyViewController.swift */ = {isa = PBXFileReference; lastKnownFileType = sourcecode.swift; path = StudyViewController.swift; sourceTree = "<group>"; };
		B3C45E3A2A98ABD400AD3586 /* ThirdViewController.swift */ = {isa = PBXFileReference; lastKnownFileType = sourcecode.swift; path = ThirdViewController.swift; sourceTree = "<group>"; };
		B3C45E3C2A98ABE000AD3586 /* CollectViewController.swift */ = {isa = PBXFileReference; lastKnownFileType = sourcecode.swift; path = CollectViewController.swift; sourceTree = "<group>"; };
		B3C45E402A98AC9000AD3586 /* CCBaseViewController.swift */ = {isa = PBXFileReference; lastKnownFileType = sourcecode.swift; path = CCBaseViewController.swift; sourceTree = "<group>"; };
		B3C45E462A98AF0700AD3586 /* UIColor+CC.swift */ = {isa = PBXFileReference; lastKnownFileType = sourcecode.swift; path = "UIColor+CC.swift"; sourceTree = "<group>"; };
		B3C45E482A9C334A00AD3586 /* String+CC.swift */ = {isa = PBXFileReference; lastKnownFileType = sourcecode.swift; path = "String+CC.swift"; sourceTree = "<group>"; };
		B3C45E4B2A9C3AF500AD3586 /* ExpandCellViewController.swift */ = {isa = PBXFileReference; lastKnownFileType = sourcecode.swift; path = ExpandCellViewController.swift; sourceTree = "<group>"; };
		B3C45E4D2A9C3B1800AD3586 /* CellViewController.swift */ = {isa = PBXFileReference; lastKnownFileType = sourcecode.swift; path = CellViewController.swift; sourceTree = "<group>"; };
		B3C45E4F2A9C3C6B00AD3586 /* ItemListViewController.swift */ = {isa = PBXFileReference; lastKnownFileType = sourcecode.swift; path = ItemListViewController.swift; sourceTree = "<group>"; };
		B3C45E5B2A9C6A9E00AD3586 /* ExpandTableViewCell.swift */ = {isa = PBXFileReference; lastKnownFileType = sourcecode.swift; path = ExpandTableViewCell.swift; sourceTree = "<group>"; };
		B3C45E5C2A9C6A9E00AD3586 /* ExpandTableViewCell.xib */ = {isa = PBXFileReference; lastKnownFileType = file.xib; path = ExpandTableViewCell.xib; sourceTree = "<group>"; };
		B3C45E602A9C6B3B00AD3586 /* ExpandCellItem.swift */ = {isa = PBXFileReference; lastKnownFileType = sourcecode.swift; path = ExpandCellItem.swift; sourceTree = "<group>"; };
		B3C45E622A9C76F400AD3586 /* CRSSingleRowPickerView.swift */ = {isa = PBXFileReference; lastKnownFileType = sourcecode.swift; path = CRSSingleRowPickerView.swift; sourceTree = "<group>"; };
		B3C45E652A9C77F100AD3586 /* CRSSinglePickerController.swift */ = {isa = PBXFileReference; lastKnownFileType = sourcecode.swift; path = CRSSinglePickerController.swift; sourceTree = "<group>"; };
		B3C45E672A9C7F7F00AD3586 /* UIView+CC.swift */ = {isa = PBXFileReference; lastKnownFileType = sourcecode.swift; path = "UIView+CC.swift"; sourceTree = "<group>"; };
		B3C45E692A9C7F8E00AD3586 /* CALayer+CC.swift */ = {isa = PBXFileReference; lastKnownFileType = sourcecode.swift; path = "CALayer+CC.swift"; sourceTree = "<group>"; };
		B3C45E6C2A9C819D00AD3586 /* CCMacro.swift */ = {isa = PBXFileReference; lastKnownFileType = sourcecode.swift; path = CCMacro.swift; sourceTree = "<group>"; };
		B3C45E6E2A9C829600AD3586 /* CCPublic.swift */ = {isa = PBXFileReference; lastKnownFileType = sourcecode.swift; path = CCPublic.swift; sourceTree = "<group>"; };
		B3C45E702A9C839E00AD3586 /* Double+CC.swift */ = {isa = PBXFileReference; lastKnownFileType = sourcecode.swift; path = "Double+CC.swift"; sourceTree = "<group>"; };
		B3C45E722A9C83AF00AD3586 /* Int+CC.swift */ = {isa = PBXFileReference; lastKnownFileType = sourcecode.swift; path = "Int+CC.swift"; sourceTree = "<group>"; };
		B3C45E742A9C83C400AD3586 /* Array+CC.swift */ = {isa = PBXFileReference; lastKnownFileType = sourcecode.swift; path = "Array+CC.swift"; sourceTree = "<group>"; };
		B3C45E762A9C851F00AD3586 /* UIImage+CC.swift */ = {isa = PBXFileReference; lastKnownFileType = sourcecode.swift; path = "UIImage+CC.swift"; sourceTree = "<group>"; };
		B3C45E7A2A9C85C900AD3586 /* UIViewController+CC.swift */ = {isa = PBXFileReference; lastKnownFileType = sourcecode.swift; path = "UIViewController+CC.swift"; sourceTree = "<group>"; };
		B3C45E7D2A9C930600AD3586 /* PageStudyViewController.swift */ = {isa = PBXFileReference; lastKnownFileType = sourcecode.swift; path = PageStudyViewController.swift; sourceTree = "<group>"; };
		B3C45E7F2A9C934700AD3586 /* PageGuideViewController.swift */ = {isa = PBXFileReference; lastKnownFileType = sourcecode.swift; path = PageGuideViewController.swift; sourceTree = "<group>"; };
		B3C45E822A9C93B500AD3586 /* PageGuide1ViewController.swift */ = {isa = PBXFileReference; lastKnownFileType = sourcecode.swift; path = PageGuide1ViewController.swift; sourceTree = "<group>"; };
		B3C45E842A9C93C300AD3586 /* PageGuide2ViewController.swift */ = {isa = PBXFileReference; lastKnownFileType = sourcecode.swift; path = PageGuide2ViewController.swift; sourceTree = "<group>"; };
		B3C45E862A9C93CF00AD3586 /* PageGuide3ViewController.swift */ = {isa = PBXFileReference; lastKnownFileType = sourcecode.swift; path = PageGuide3ViewController.swift; sourceTree = "<group>"; };
		B3C45E892A9DCD6200AD3586 /* CollectionViewStudyController.swift */ = {isa = PBXFileReference; lastKnownFileType = sourcecode.swift; path = CollectionViewStudyController.swift; sourceTree = "<group>"; };
		B3C45E8B2A9DCDE400AD3586 /* VWatchCollectionViewController.swift */ = {isa = PBXFileReference; lastKnownFileType = sourcecode.swift; path = VWatchCollectionViewController.swift; sourceTree = "<group>"; };
		B3C45E8D2A9F1E8800AD3586 /* AddAnimateCollectionController.swift */ = {isa = PBXFileReference; lastKnownFileType = sourcecode.swift; path = AddAnimateCollectionController.swift; sourceTree = "<group>"; };
		B3C45E8F2A9F26DA00AD3586 /* TableCollectionController.swift */ = {isa = PBXFileReference; lastKnownFileType = sourcecode.swift; path = TableCollectionController.swift; sourceTree = "<group>"; };
		B3C45EA22AA025B200AD3586 /* AppleMapViewController.swift */ = {isa = PBXFileReference; lastKnownFileType = sourcecode.swift; path = AppleMapViewController.swift; sourceTree = "<group>"; };
		B3C45EA42AA0260B00AD3586 /* AppleMapStyleChangeController.swift */ = {isa = PBXFileReference; lastKnownFileType = sourcecode.swift; path = AppleMapStyleChangeController.swift; sourceTree = "<group>"; };
		B3C45EE62AA71BE700AD3586 /* SegmentViewController.swift */ = {isa = PBXFileReference; lastKnownFileType = sourcecode.swift; path = SegmentViewController.swift; sourceTree = "<group>"; };
		B3C45EE82AA71C1D00AD3586 /* CRSPageSegmentView.swift */ = {isa = PBXFileReference; lastKnownFileType = sourcecode.swift; path = CRSPageSegmentView.swift; sourceTree = "<group>"; };
		B3C45EF22AA81AE100AD3586 /* CellEditViewController.swift */ = {isa = PBXFileReference; lastKnownFileType = sourcecode.swift; path = CellEditViewController.swift; sourceTree = "<group>"; };
		B3C45EF42AA81CDA00AD3586 /* CellEditMoveCell.swift */ = {isa = PBXFileReference; lastKnownFileType = sourcecode.swift; path = CellEditMoveCell.swift; sourceTree = "<group>"; };
		B3C45EF52AA81CDA00AD3586 /* CellEditMoveCell.xib */ = {isa = PBXFileReference; lastKnownFileType = file.xib; path = CellEditMoveCell.xib; sourceTree = "<group>"; };
		B3DF7CE92AD7D4520042E755 /* JSONViewController.swift */ = {isa = PBXFileReference; lastKnownFileType = sourcecode.swift; path = JSONViewController.swift; sourceTree = "<group>"; };
/* End PBXFileReference section */

/* Begin PBXFrameworksBuildPhase section */
		B3C45DF92A98754C00AD3586 /* Frameworks */ = {
			isa = PBXFrameworksBuildPhase;
			buildActionMask = 2147483647;
			files = (
				6FC19D61FED503596430B238 /* Pods_Maxmoo.framework in Frameworks */,
			);
			runOnlyForDeploymentPostprocessing = 0;
		};
		B3C45E0F2A98754D00AD3586 /* Frameworks */ = {
			isa = PBXFrameworksBuildPhase;
			buildActionMask = 2147483647;
			files = (
			);
			runOnlyForDeploymentPostprocessing = 0;
		};
		B3C45E192A98754D00AD3586 /* Frameworks */ = {
			isa = PBXFrameworksBuildPhase;
			buildActionMask = 2147483647;
			files = (
			);
			runOnlyForDeploymentPostprocessing = 0;
		};
/* End PBXFrameworksBuildPhase section */

/* Begin PBXGroup section */
		4B3AD9AC00B8F669FE6334BD /* Frameworks */ = {
			isa = PBXGroup;
			children = (
				1E4FEF59AF8E0D802738BE7B /* Pods_Maxmoo.framework */,
			);
			name = Frameworks;
			sourceTree = "<group>";
		};
		5A5937CED1C9CAB79FD14E45 /* Pods */ = {
			isa = PBXGroup;
			children = (
				8215677A8014EFD0213139E6 /* Pods-Maxmoo.debug.xcconfig */,
				1F76971B15181D9E3E6D4CB0 /* Pods-Maxmoo.release.xcconfig */,
			);
			path = Pods;
			sourceTree = "<group>";
		};
		B303175D2B45704800D8B8F9 /* AliPalyer */ = {
			isa = PBXGroup;
			children = (
				B303175E2B45706400D8B8F9 /* AliPlayerViewController.swift */,
			);
			path = AliPalyer;
			sourceTree = "<group>";
		};
		B31849032B3409CA00D9B9B8 /* Animate */ = {
			isa = PBXGroup;
			children = (
				B31849062B340A0100D9B9B8 /* CCAnimateListController.swift */,
				B31849082B340A4F00D9B9B8 /* CCCircleAnimateController.swift */,
			);
			path = Animate;
			sourceTree = "<group>";
		};
		B31849102B3534B200D9B9B8 /* SwiftUI */ = {
			isa = PBXGroup;
			children = (
				B31849112B3534E700D9B9B8 /* SwiftUIController.swift */,
				B31849142B35354F00D9B9B8 /* SwiftUIHelloController.swift */,
				B31849162B353AD400D9B9B8 /* SUHello.swift */,
			);
			path = SwiftUI;
			sourceTree = "<group>";
		};
		B343501A2B5CF35300D974AA /* Chart */ = {
			isa = PBXGroup;
			children = (
				B343501D2B5CF39F00D974AA /* CRSChart */,
				B343501B2B5CF36A00D974AA /* ChartViewController.swift */,
			);
			path = Chart;
			sourceTree = "<group>";
		};
		B343501D2B5CF39F00D974AA /* CRSChart */ = {
			isa = PBXGroup;
			children = (
				B34350232B5D04A000D974AA /* UIBezierPath+curved.h */,
				B34350222B5D04A000D974AA /* UIBezierPath+curved.m */,
				B343501E2B5CF40700D974AA /* CRSTrackClimbChartView.swift */,
			);
			path = CRSChart;
			sourceTree = "<group>";
		};
		B368B0652AB3F85500ED6E43 /* Image */ = {
			isa = PBXGroup;
			children = (
				B368B0662AB3F87800ED6E43 /* ImageStudyController.swift */,
			);
			path = Image;
			sourceTree = "<group>";
		};
		B3793A422B21999700A038D8 /* Coros */ = {
			isa = PBXGroup;
			children = (
				B3793A462B21A04300A038D8 /* Cell */,
				B3B9E0A12B19BC3E0004B9F8 /* CRSCastScreenDataController.swift */,
				B3793A432B2199C200A038D8 /* CRSCastScreenDataSettingController.swift */,
				B3793A3E2B216D1600A038D8 /* CRSCastScreenDataStyle.swift */,
			);
			path = Coros;
			sourceTree = "<group>";
		};
		B3793A462B21A04300A038D8 /* Cell */ = {
			isa = PBXGroup;
			children = (
				B3B9E0A32B19C8E20004B9F8 /* CRSCastScreenDataCell.swift */,
				B3B9E0A42B19C8E20004B9F8 /* CRSCastScreenDataCell.xib */,
				B3793A4B2B21A0AF00A038D8 /* CRSCastScreenOrderCell.swift */,
				B3793A4C2B21A0AF00A038D8 /* CRSCastScreenOrderCell.xib */,
			);
			path = Cell;
			sourceTree = "<group>";
		};
		B39842352B5524770028D32B /* OC */ = {
			isa = PBXGroup;
			children = (
				B39842372B5524A70028D32B /* OCStudyViewController.h */,
				B39842382B5524A70028D32B /* OCStudyViewController.m */,
			);
			path = OC;
			sourceTree = "<group>";
		};
		B398423D2B561FC60028D32B /* C */ = {
			isa = PBXGroup;
			children = (
				B398423A2B561FC10028D32B /* CStudyViewController.h */,
				B398423B2B561FC10028D32B /* CStudyViewController.m */,
			);
			path = C;
			sourceTree = "<group>";
		};
		B3AF184B2B502155004FD144 /* SQL */ = {
			isa = PBXGroup;
			children = (
				B3AF184C2B502182004FD144 /* SQLiteSwiftViewController.swift */,
			);
			path = SQL;
			sourceTree = "<group>";
		};
		B3B1EFC72AA99F6E005E6E06 /* CRSWatch */ = {
			isa = PBXGroup;
			children = (
				B3B1EFC82AA99FF8005E6E06 /* CRSCusSpoPageView.swift */,
				B3B1EFCC2AA9E8EE005E6E06 /* CRSCusSpoPageIndicator.swift */,
			);
			path = CRSWatch;
			sourceTree = "<group>";
		};
		B3B9E0A02B19BBD30004B9F8 /* DataCollect */ = {
			isa = PBXGroup;
			children = (
				B3793A422B21999700A038D8 /* Coros */,
				B3793A402B21766A00A038D8 /* CastScreenDataTestController.swift */,
			);
			path = DataCollect;
			sourceTree = "<group>";
		};
		B3C046B52AD1594D00A275BD /* ReadFile */ = {
			isa = PBXGroup;
			children = (
				B3C046B82AD1599200A275BD /* file */,
				B3C046B62AD1597100A275BD /* ReadFileViewController.swift */,
			);
			path = ReadFile;
			sourceTree = "<group>";
		};
		B3C046B82AD1599200A275BD /* file */ = {
			isa = PBXGroup;
			children = (
				B3C046BB2AD15AC500A275BD /* keyCodeAble.json */,
				B3C046B92AD1599F00A275BD /* res_4_0.json */,
			);
			path = file;
			sourceTree = "<group>";
		};
		B3C45DF32A98754C00AD3586 = {
			isa = PBXGroup;
			children = (
				B3C45DFE2A98754C00AD3586 /* Maxmoo */,
				B3C45E152A98754D00AD3586 /* MaxmooTests */,
				B3C45E1F2A98754D00AD3586 /* MaxmooUITests */,
				B3C45DFD2A98754C00AD3586 /* Products */,
				5A5937CED1C9CAB79FD14E45 /* Pods */,
				4B3AD9AC00B8F669FE6334BD /* Frameworks */,
			);
			sourceTree = "<group>";
		};
		B3C45DFD2A98754C00AD3586 /* Products */ = {
			isa = PBXGroup;
			children = (
				B3C45DFC2A98754C00AD3586 /* Maxmoo.app */,
				B3C45E122A98754D00AD3586 /* MaxmooTests.xctest */,
				B3C45E1C2A98754D00AD3586 /* MaxmooUITests.xctest */,
			);
			name = Products;
			sourceTree = "<group>";
		};
		B3C45DFE2A98754C00AD3586 /* Maxmoo */ = {
			isa = PBXGroup;
			children = (
				B3C45E342A98A77A00AD3586 /* Project */,
				B3C45E332A98A76600AD3586 /* Support */,
				B3C45E312A98A6D900AD3586 /* Head */,
				B3C45E322A98A73700AD3586 /* Source */,
			);
			path = Maxmoo;
			sourceTree = "<group>";
		};
		B3C45E152A98754D00AD3586 /* MaxmooTests */ = {
			isa = PBXGroup;
			children = (
				B3C45E162A98754D00AD3586 /* MaxmooTests.swift */,
			);
			path = MaxmooTests;
			sourceTree = "<group>";
		};
		B3C45E1F2A98754D00AD3586 /* MaxmooUITests */ = {
			isa = PBXGroup;
			children = (
				B3C45E202A98754D00AD3586 /* MaxmooUITests.swift */,
				B3C45E222A98754D00AD3586 /* MaxmooUITestsLaunchTests.swift */,
			);
			path = MaxmooUITests;
			sourceTree = "<group>";
		};
		B3C45E312A98A6D900AD3586 /* Head */ = {
			isa = PBXGroup;
			children = (
				B3C45DFF2A98754C00AD3586 /* AppDelegate.swift */,
				B3C45E2F2A98A6B800AD3586 /* SceneDelegate.swift */,
				B3C45E032A98754C00AD3586 /* ViewController.swift */,
				B39842362B5524A70028D32B /* Maxmoo-Bridging-Header.h */,
				B3C45E0D2A98754D00AD3586 /* Info.plist */,
			);
			path = Head;
			sourceTree = "<group>";
		};
		B3C45E322A98A73700AD3586 /* Source */ = {
			isa = PBXGroup;
			children = (
				B30317602B4573A400D8B8F9 /* license.crt */,
				B3C45E052A98754C00AD3586 /* Main.storyboard */,
				B3C45E082A98754D00AD3586 /* Assets.xcassets */,
				B3C45E0A2A98754D00AD3586 /* LaunchScreen.storyboard */,
			);
			path = Source;
			sourceTree = "<group>";
		};
		B3C45E332A98A76600AD3586 /* Support */ = {
			isa = PBXGroup;
			children = (
				B3C45E6B2A9C818C00AD3586 /* Common */,
				B3C45E452A98AE8500AD3586 /* Manager */,
				B3C45E442A98AE7500AD3586 /* Extension */,
			);
			path = Support;
			sourceTree = "<group>";
		};
		B3C45E342A98A77A00AD3586 /* Project */ = {
			isa = PBXGroup;
			children = (
				B3C45E3E2A98AC6E00AD3586 /* Base */,
				B3C45E352A98AB8F00AD3586 /* Study */,
				B3C45E362A98AB9600AD3586 /* Third */,
				B3C45E372A98AB9C00AD3586 /* Collect */,
			);
			path = Project;
			sourceTree = "<group>";
		};
		B3C45E352A98AB8F00AD3586 /* Study */ = {
			isa = PBXGroup;
			children = (
				B3C45E532A9C6A1500AD3586 /* Controller */,
				B3C45E522A9C6A0D00AD3586 /* View */,
				B3C45E512A9C6A0200AD3586 /* Model */,
			);
			path = Study;
			sourceTree = "<group>";
		};
		B3C45E362A98AB9600AD3586 /* Third */ = {
			isa = PBXGroup;
			children = (
				B3C45E562A9C6A3800AD3586 /* Controller */,
				B3C45E552A9C6A3300AD3586 /* View */,
				B3C45E542A9C6A2900AD3586 /* Model */,
			);
			path = Third;
			sourceTree = "<group>";
		};
		B3C45E372A98AB9C00AD3586 /* Collect */ = {
			isa = PBXGroup;
			children = (
				B3C45E592A9C6A5100AD3586 /* Controller */,
				B3C45E582A9C6A4C00AD3586 /* View */,
				B3C45E572A9C6A4400AD3586 /* Model */,
			);
			path = Collect;
			sourceTree = "<group>";
		};
		B3C45E3E2A98AC6E00AD3586 /* Base */ = {
			isa = PBXGroup;
			children = (
				B3C45E432A98AE6300AD3586 /* Model */,
				B3C45E422A98AE5D00AD3586 /* View */,
				B3C45E3F2A98AC7800AD3586 /* Controller */,
			);
			path = Base;
			sourceTree = "<group>";
		};
		B3C45E3F2A98AC7800AD3586 /* Controller */ = {
			isa = PBXGroup;
			children = (
				B3C45E402A98AC9000AD3586 /* CCBaseViewController.swift */,
				B3C45E4F2A9C3C6B00AD3586 /* ItemListViewController.swift */,
			);
			path = Controller;
			sourceTree = "<group>";
		};
		B3C45E422A98AE5D00AD3586 /* View */ = {
			isa = PBXGroup;
			children = (
			);
			path = View;
			sourceTree = "<group>";
		};
		B3C45E432A98AE6300AD3586 /* Model */ = {
			isa = PBXGroup;
			children = (
			);
			path = Model;
			sourceTree = "<group>";
		};
		B3C45E442A98AE7500AD3586 /* Extension */ = {
			isa = PBXGroup;
			children = (
				B3C45E792A9C85A800AD3586 /* Data */,
				B3C45E782A9C859100AD3586 /* UI */,
			);
			path = Extension;
			sourceTree = "<group>";
		};
		B3C45E452A98AE8500AD3586 /* Manager */ = {
			isa = PBXGroup;
			children = (
			);
			path = Manager;
			sourceTree = "<group>";
		};
		B3C45E4A2A9C3ABC00AD3586 /* CellStudy */ = {
			isa = PBXGroup;
			children = (
				B3C45E4B2A9C3AF500AD3586 /* ExpandCellViewController.swift */,
				B3C45E4D2A9C3B1800AD3586 /* CellViewController.swift */,
				B3C45EF22AA81AE100AD3586 /* CellEditViewController.swift */,
			);
			path = CellStudy;
			sourceTree = "<group>";
		};
		B3C45E512A9C6A0200AD3586 /* Model */ = {
			isa = PBXGroup;
			children = (
				B3C45E602A9C6B3B00AD3586 /* ExpandCellItem.swift */,
			);
			path = Model;
			sourceTree = "<group>";
		};
		B3C45E522A9C6A0D00AD3586 /* View */ = {
			isa = PBXGroup;
			children = (
				B3B1EFC72AA99F6E005E6E06 /* CRSWatch */,
				B3C45E5A2A9C6A6500AD3586 /* Cell */,
			);
			path = View;
			sourceTree = "<group>";
		};
		B3C45E532A9C6A1500AD3586 /* Controller */ = {
			isa = PBXGroup;
			children = (
				B343501A2B5CF35300D974AA /* Chart */,
				B398423D2B561FC60028D32B /* C */,
				B39842352B5524770028D32B /* OC */,
				B31849102B3534B200D9B9B8 /* SwiftUI */,
				B31849032B3409CA00D9B9B8 /* Animate */,
				B3B9E0A02B19BBD30004B9F8 /* DataCollect */,
				B3DF7CE82AD7D4320042E755 /* JSON */,
				B3C046B52AD1594D00A275BD /* ReadFile */,
				B368B0652AB3F85500ED6E43 /* Image */,
				B3C45EA12AA0258F00AD3586 /* AppleMap */,
				B3C45E882A9DCD3200AD3586 /* CollectionView */,
				B3C45E7C2A9C92D400AD3586 /* Page */,
				B3C45E4A2A9C3ABC00AD3586 /* CellStudy */,
				B3C45E382A98ABC600AD3586 /* StudyViewController.swift */,
			);
			path = Controller;
			sourceTree = "<group>";
		};
		B3C45E542A9C6A2900AD3586 /* Model */ = {
			isa = PBXGroup;
			children = (
			);
			path = Model;
			sourceTree = "<group>";
		};
		B3C45E552A9C6A3300AD3586 /* View */ = {
			isa = PBXGroup;
			children = (
			);
			path = View;
			sourceTree = "<group>";
		};
		B3C45E562A9C6A3800AD3586 /* Controller */ = {
			isa = PBXGroup;
			children = (
				B3AF184B2B502155004FD144 /* SQL */,
				B303175D2B45704800D8B8F9 /* AliPalyer */,
				B3C45E3A2A98ABD400AD3586 /* ThirdViewController.swift */,
			);
			path = Controller;
			sourceTree = "<group>";
		};
		B3C45E572A9C6A4400AD3586 /* Model */ = {
			isa = PBXGroup;
			children = (
			);
			path = Model;
			sourceTree = "<group>";
		};
		B3C45E582A9C6A4C00AD3586 /* View */ = {
			isa = PBXGroup;
			children = (
				B3C45E622A9C76F400AD3586 /* CRSSingleRowPickerView.swift */,
				B3C45EE82AA71C1D00AD3586 /* CRSPageSegmentView.swift */,
			);
			path = View;
			sourceTree = "<group>";
		};
		B3C45E592A9C6A5100AD3586 /* Controller */ = {
			isa = PBXGroup;
			children = (
				B3C45EE52AA71BBD00AD3586 /* Segment */,
				B3C45E642A9C77C500AD3586 /* Picker */,
				B3C45E3C2A98ABE000AD3586 /* CollectViewController.swift */,
			);
			path = Controller;
			sourceTree = "<group>";
		};
		B3C45E5A2A9C6A6500AD3586 /* Cell */ = {
			isa = PBXGroup;
			children = (
				B3C45E5B2A9C6A9E00AD3586 /* ExpandTableViewCell.swift */,
				B3C45E5C2A9C6A9E00AD3586 /* ExpandTableViewCell.xib */,
				B3C45EF42AA81CDA00AD3586 /* CellEditMoveCell.swift */,
				B3C45EF52AA81CDA00AD3586 /* CellEditMoveCell.xib */,
			);
			path = Cell;
			sourceTree = "<group>";
		};
		B3C45E642A9C77C500AD3586 /* Picker */ = {
			isa = PBXGroup;
			children = (
				B3C45E652A9C77F100AD3586 /* CRSSinglePickerController.swift */,
			);
			path = Picker;
			sourceTree = "<group>";
		};
		B3C45E6B2A9C818C00AD3586 /* Common */ = {
			isa = PBXGroup;
			children = (
				B3C45E6C2A9C819D00AD3586 /* CCMacro.swift */,
				B3C45E6E2A9C829600AD3586 /* CCPublic.swift */,
			);
			path = Common;
			sourceTree = "<group>";
		};
		B3C45E782A9C859100AD3586 /* UI */ = {
			isa = PBXGroup;
			children = (
				B3C45E672A9C7F7F00AD3586 /* UIView+CC.swift */,
				B3C45E462A98AF0700AD3586 /* UIColor+CC.swift */,
				B3C45E692A9C7F8E00AD3586 /* CALayer+CC.swift */,
				B3C45E762A9C851F00AD3586 /* UIImage+CC.swift */,
				B3C45E7A2A9C85C900AD3586 /* UIViewController+CC.swift */,
			);
			path = UI;
			sourceTree = "<group>";
		};
		B3C45E792A9C85A800AD3586 /* Data */ = {
			isa = PBXGroup;
			children = (
				B3C45E482A9C334A00AD3586 /* String+CC.swift */,
				B3C45E702A9C839E00AD3586 /* Double+CC.swift */,
				B3C45E722A9C83AF00AD3586 /* Int+CC.swift */,
				B3C45E742A9C83C400AD3586 /* Array+CC.swift */,
			);
			path = Data;
			sourceTree = "<group>";
		};
		B3C45E7C2A9C92D400AD3586 /* Page */ = {
			isa = PBXGroup;
			children = (
				B3C45E812A9C938600AD3586 /* PageGuide */,
				B3C45E7D2A9C930600AD3586 /* PageStudyViewController.swift */,
			);
			path = Page;
			sourceTree = "<group>";
		};
		B3C45E812A9C938600AD3586 /* PageGuide */ = {
			isa = PBXGroup;
			children = (
				B3C45E7F2A9C934700AD3586 /* PageGuideViewController.swift */,
				B3C45E822A9C93B500AD3586 /* PageGuide1ViewController.swift */,
				B3C45E842A9C93C300AD3586 /* PageGuide2ViewController.swift */,
				B3C45E862A9C93CF00AD3586 /* PageGuide3ViewController.swift */,
			);
			path = PageGuide;
			sourceTree = "<group>";
		};
		B3C45E882A9DCD3200AD3586 /* CollectionView */ = {
			isa = PBXGroup;
			children = (
				B3C45E892A9DCD6200AD3586 /* CollectionViewStudyController.swift */,
				B3C45E8B2A9DCDE400AD3586 /* VWatchCollectionViewController.swift */,
				B3C45E8D2A9F1E8800AD3586 /* AddAnimateCollectionController.swift */,
				B3C45E8F2A9F26DA00AD3586 /* TableCollectionController.swift */,
				B3B1EFC52AA96F44005E6E06 /* WatchScrollController.swift */,
				B3B1EFCA2AA9AD45005E6E06 /* CRSCusSpoDataScreenController.swift */,
			);
			path = CollectionView;
			sourceTree = "<group>";
		};
		B3C45EA12AA0258F00AD3586 /* AppleMap */ = {
			isa = PBXGroup;
			children = (
				B3C45EA22AA025B200AD3586 /* AppleMapViewController.swift */,
				B3C45EA42AA0260B00AD3586 /* AppleMapStyleChangeController.swift */,
			);
			path = AppleMap;
			sourceTree = "<group>";
		};
		B3C45EE52AA71BBD00AD3586 /* Segment */ = {
			isa = PBXGroup;
			children = (
				B3C45EE62AA71BE700AD3586 /* SegmentViewController.swift */,
			);
			path = Segment;
			sourceTree = "<group>";
		};
		B3DF7CE82AD7D4320042E755 /* JSON */ = {
			isa = PBXGroup;
			children = (
				B3DF7CE92AD7D4520042E755 /* JSONViewController.swift */,
			);
			path = JSON;
			sourceTree = "<group>";
		};
/* End PBXGroup section */

/* Begin PBXNativeTarget section */
		B3C45DFB2A98754C00AD3586 /* Maxmoo */ = {
			isa = PBXNativeTarget;
			buildConfigurationList = B3C45E262A98754D00AD3586 /* Build configuration list for PBXNativeTarget "Maxmoo" */;
			buildPhases = (
				46A1F416D40166BFE1BED36E /* [CP] Check Pods Manifest.lock */,
				B3C45DF82A98754C00AD3586 /* Sources */,
				B3C45DF92A98754C00AD3586 /* Frameworks */,
				B3C45DFA2A98754C00AD3586 /* Resources */,
				FD2843004257D3FEB3461502 /* [CP] Embed Pods Frameworks */,
			);
			buildRules = (
			);
			dependencies = (
			);
			name = Maxmoo;
			productName = Maxmoo;
			productReference = B3C45DFC2A98754C00AD3586 /* Maxmoo.app */;
			productType = "com.apple.product-type.application";
		};
		B3C45E112A98754D00AD3586 /* MaxmooTests */ = {
			isa = PBXNativeTarget;
			buildConfigurationList = B3C45E292A98754D00AD3586 /* Build configuration list for PBXNativeTarget "MaxmooTests" */;
			buildPhases = (
				B3C45E0E2A98754D00AD3586 /* Sources */,
				B3C45E0F2A98754D00AD3586 /* Frameworks */,
				B3C45E102A98754D00AD3586 /* Resources */,
			);
			buildRules = (
			);
			dependencies = (
				B3C45E142A98754D00AD3586 /* PBXTargetDependency */,
			);
			name = MaxmooTests;
			productName = MaxmooTests;
			productReference = B3C45E122A98754D00AD3586 /* MaxmooTests.xctest */;
			productType = "com.apple.product-type.bundle.unit-test";
		};
		B3C45E1B2A98754D00AD3586 /* MaxmooUITests */ = {
			isa = PBXNativeTarget;
			buildConfigurationList = B3C45E2C2A98754D00AD3586 /* Build configuration list for PBXNativeTarget "MaxmooUITests" */;
			buildPhases = (
				B3C45E182A98754D00AD3586 /* Sources */,
				B3C45E192A98754D00AD3586 /* Frameworks */,
				B3C45E1A2A98754D00AD3586 /* Resources */,
			);
			buildRules = (
			);
			dependencies = (
				B3C45E1E2A98754D00AD3586 /* PBXTargetDependency */,
			);
			name = MaxmooUITests;
			productName = MaxmooUITests;
			productReference = B3C45E1C2A98754D00AD3586 /* MaxmooUITests.xctest */;
			productType = "com.apple.product-type.bundle.ui-testing";
		};
/* End PBXNativeTarget section */

/* Begin PBXProject section */
		B3C45DF42A98754C00AD3586 /* Project object */ = {
			isa = PBXProject;
			attributes = {
				BuildIndependentTargetsInParallel = 1;
				LastSwiftUpdateCheck = 1430;
				LastUpgradeCheck = 1430;
				TargetAttributes = {
					B3C45DFB2A98754C00AD3586 = {
						CreatedOnToolsVersion = 14.3.1;
						LastSwiftMigration = 1430;
					};
					B3C45E112A98754D00AD3586 = {
						CreatedOnToolsVersion = 14.3.1;
						TestTargetID = B3C45DFB2A98754C00AD3586;
					};
					B3C45E1B2A98754D00AD3586 = {
						CreatedOnToolsVersion = 14.3.1;
						TestTargetID = B3C45DFB2A98754C00AD3586;
					};
				};
			};
			buildConfigurationList = B3C45DF72A98754C00AD3586 /* Build configuration list for PBXProject "Maxmoo" */;
			compatibilityVersion = "Xcode 11.0";
			developmentRegion = en;
			hasScannedForEncodings = 0;
			knownRegions = (
				en,
				Base,
			);
			mainGroup = B3C45DF32A98754C00AD3586;
			productRefGroup = B3C45DFD2A98754C00AD3586 /* Products */;
			projectDirPath = "";
			projectRoot = "";
			targets = (
				B3C45DFB2A98754C00AD3586 /* Maxmoo */,
				B3C45E112A98754D00AD3586 /* MaxmooTests */,
				B3C45E1B2A98754D00AD3586 /* MaxmooUITests */,
			);
		};
/* End PBXProject section */

/* Begin PBXResourcesBuildPhase section */
		B3C45DFA2A98754C00AD3586 /* Resources */ = {
			isa = PBXResourcesBuildPhase;
			buildActionMask = 2147483647;
			files = (
				B3C45E0C2A98754D00AD3586 /* LaunchScreen.storyboard in Resources */,
				B3C046BC2AD15AC500A275BD /* keyCodeAble.json in Resources */,
				B3C45E092A98754D00AD3586 /* Assets.xcassets in Resources */,
				B30317612B4573A400D8B8F9 /* license.crt in Resources */,
				B3C046BA2AD1599F00A275BD /* res_4_0.json in Resources */,
				B3C45EF72AA81CDA00AD3586 /* CellEditMoveCell.xib in Resources */,
				B3C45E072A98754C00AD3586 /* Main.storyboard in Resources */,
				B3C45E5E2A9C6A9E00AD3586 /* ExpandTableViewCell.xib in Resources */,
				B3793A4E2B21A0AF00A038D8 /* CRSCastScreenOrderCell.xib in Resources */,
				B3B9E0A62B19C8E20004B9F8 /* CRSCastScreenDataCell.xib in Resources */,
			);
			runOnlyForDeploymentPostprocessing = 0;
		};
		B3C45E102A98754D00AD3586 /* Resources */ = {
			isa = PBXResourcesBuildPhase;
			buildActionMask = 2147483647;
			files = (
			);
			runOnlyForDeploymentPostprocessing = 0;
		};
		B3C45E1A2A98754D00AD3586 /* Resources */ = {
			isa = PBXResourcesBuildPhase;
			buildActionMask = 2147483647;
			files = (
			);
			runOnlyForDeploymentPostprocessing = 0;
		};
/* End PBXResourcesBuildPhase section */

/* Begin PBXShellScriptBuildPhase section */
		46A1F416D40166BFE1BED36E /* [CP] Check Pods Manifest.lock */ = {
			isa = PBXShellScriptBuildPhase;
			buildActionMask = 2147483647;
			files = (
			);
			inputFileListPaths = (
			);
			inputPaths = (
				"${PODS_PODFILE_DIR_PATH}/Podfile.lock",
				"${PODS_ROOT}/Manifest.lock",
			);
			name = "[CP] Check Pods Manifest.lock";
			outputFileListPaths = (
			);
			outputPaths = (
				"$(DERIVED_FILE_DIR)/Pods-Maxmoo-checkManifestLockResult.txt",
			);
			runOnlyForDeploymentPostprocessing = 0;
			shellPath = /bin/sh;
			shellScript = "diff \"${PODS_PODFILE_DIR_PATH}/Podfile.lock\" \"${PODS_ROOT}/Manifest.lock\" > /dev/null\nif [ $? != 0 ] ; then\n    # print error to STDERR\n    echo \"error: The sandbox is not in sync with the Podfile.lock. Run 'pod install' or update your CocoaPods installation.\" >&2\n    exit 1\nfi\n# This output is used by Xcode 'outputs' to avoid re-running this script phase.\necho \"SUCCESS\" > \"${SCRIPT_OUTPUT_FILE_0}\"\n";
			showEnvVarsInLog = 0;
		};
		FD2843004257D3FEB3461502 /* [CP] Embed Pods Frameworks */ = {
			isa = PBXShellScriptBuildPhase;
			buildActionMask = 2147483647;
			files = (
			);
			inputFileListPaths = (
				"${PODS_ROOT}/Target Support Files/Pods-Maxmoo/Pods-Maxmoo-frameworks-${CONFIGURATION}-input-files.xcfilelist",
			);
			name = "[CP] Embed Pods Frameworks";
			outputFileListPaths = (
				"${PODS_ROOT}/Target Support Files/Pods-Maxmoo/Pods-Maxmoo-frameworks-${CONFIGURATION}-output-files.xcfilelist",
			);
			runOnlyForDeploymentPostprocessing = 0;
			shellPath = /bin/sh;
			shellScript = "\"${PODS_ROOT}/Target Support Files/Pods-Maxmoo/Pods-Maxmoo-frameworks.sh\"\n";
			showEnvVarsInLog = 0;
		};
/* End PBXShellScriptBuildPhase section */

/* Begin PBXSourcesBuildPhase section */
		B3C45DF82A98754C00AD3586 /* Sources */ = {
			isa = PBXSourcesBuildPhase;
			buildActionMask = 2147483647;
			files = (
				B3C45EF32AA81AE100AD3586 /* CellEditViewController.swift in Sources */,
				B3793A3F2B216D1600A038D8 /* CRSCastScreenDataStyle.swift in Sources */,
				B3C45E412A98AC9100AD3586 /* CCBaseViewController.swift in Sources */,
				B3C45E472A98AF0700AD3586 /* UIColor+CC.swift in Sources */,
				B3C45E612A9C6B3B00AD3586 /* ExpandCellItem.swift in Sources */,
				B3B1EFC92AA99FF8005E6E06 /* CRSCusSpoPageView.swift in Sources */,
				B3C45E682A9C7F7F00AD3586 /* UIView+CC.swift in Sources */,
				B3DF7CEA2AD7D4520042E755 /* JSONViewController.swift in Sources */,
				B343501F2B5CF40700D974AA /* CRSTrackClimbChartView.swift in Sources */,
				B3B1EFCB2AA9AD45005E6E06 /* CRSCusSpoDataScreenController.swift in Sources */,
				B3C45E832A9C93B500AD3586 /* PageGuide1ViewController.swift in Sources */,
				B3C45E5D2A9C6A9E00AD3586 /* ExpandTableViewCell.swift in Sources */,
				B3C45E392A98ABC600AD3586 /* StudyViewController.swift in Sources */,
				B31849172B353AD400D9B9B8 /* SUHello.swift in Sources */,
				B3C45E8C2A9DCDE400AD3586 /* VWatchCollectionViewController.swift in Sources */,
				B3C45E752A9C83C400AD3586 /* Array+CC.swift in Sources */,
				B31849092B340A4F00D9B9B8 /* CCCircleAnimateController.swift in Sources */,
				B3C45E6F2A9C829600AD3586 /* CCPublic.swift in Sources */,
				B3C45E712A9C839E00AD3586 /* Double+CC.swift in Sources */,
				B3C45E7B2A9C85C900AD3586 /* UIViewController+CC.swift in Sources */,
				B3C45E6D2A9C819D00AD3586 /* CCMacro.swift in Sources */,
				B3C45EE92AA71C1D00AD3586 /* CRSPageSegmentView.swift in Sources */,
				B3C45E7E2A9C930600AD3586 /* PageStudyViewController.swift in Sources */,
				B3C45E732A9C83AF00AD3586 /* Int+CC.swift in Sources */,
				B3C45EE72AA71BE700AD3586 /* SegmentViewController.swift in Sources */,
				B3793A442B2199C200A038D8 /* CRSCastScreenDataSettingController.swift in Sources */,
				B3B9E0A52B19C8E20004B9F8 /* CRSCastScreenDataCell.swift in Sources */,
				B3C45E042A98754C00AD3586 /* ViewController.swift in Sources */,
				B3B1EFC62AA96F44005E6E06 /* WatchScrollController.swift in Sources */,
				B368B0672AB3F87800ED6E43 /* ImageStudyController.swift in Sources */,
				B3C45E662A9C77F100AD3586 /* CRSSinglePickerController.swift in Sources */,
				B34350242B5D04A000D974AA /* UIBezierPath+curved.m in Sources */,
				B3C45E772A9C851F00AD3586 /* UIImage+CC.swift in Sources */,
				B39842392B5524A70028D32B /* OCStudyViewController.m in Sources */,
				B3C45E492A9C334A00AD3586 /* String+CC.swift in Sources */,
				B3AF184D2B502182004FD144 /* SQLiteSwiftViewController.swift in Sources */,
				B31849152B35354F00D9B9B8 /* SwiftUIHelloController.swift in Sources */,
				B3C45E852A9C93C300AD3586 /* PageGuide2ViewController.swift in Sources */,
				B3C45E802A9C934700AD3586 /* PageGuideViewController.swift in Sources */,
				B31849122B3534E700D9B9B8 /* SwiftUIController.swift in Sources */,
				B3793A412B21766A00A038D8 /* CastScreenDataTestController.swift in Sources */,
				B3C45EA52AA0260B00AD3586 /* AppleMapStyleChangeController.swift in Sources */,
				B3C45E872A9C93CF00AD3586 /* PageGuide3ViewController.swift in Sources */,
				B3C45E902A9F26DA00AD3586 /* TableCollectionController.swift in Sources */,
				B3B1EFCD2AA9E8EE005E6E06 /* CRSCusSpoPageIndicator.swift in Sources */,
				B3C45E502A9C3C6B00AD3586 /* ItemListViewController.swift in Sources */,
				B303175F2B45706400D8B8F9 /* AliPlayerViewController.swift in Sources */,
				B3C45E3B2A98ABD400AD3586 /* ThirdViewController.swift in Sources */,
				B3C45E4C2A9C3AF500AD3586 /* ExpandCellViewController.swift in Sources */,
				B3C45EF62AA81CDA00AD3586 /* CellEditMoveCell.swift in Sources */,
				B3C45E4E2A9C3B1800AD3586 /* CellViewController.swift in Sources */,
				B3C45E8A2A9DCD6200AD3586 /* CollectionViewStudyController.swift in Sources */,
				B343501C2B5CF36A00D974AA /* ChartViewController.swift in Sources */,
				B3C45E6A2A9C7F8E00AD3586 /* CALayer+CC.swift in Sources */,
				B3C45E8E2A9F1E8800AD3586 /* AddAnimateCollectionController.swift in Sources */,
				B3C45E632A9C76F400AD3586 /* CRSSingleRowPickerView.swift in Sources */,
				B3B9E0A22B19BC3E0004B9F8 /* CRSCastScreenDataController.swift in Sources */,
				B398423C2B561FC10028D32B /* CStudyViewController.m in Sources */,
				B3793A4D2B21A0AF00A038D8 /* CRSCastScreenOrderCell.swift in Sources */,
				B3C45E002A98754C00AD3586 /* AppDelegate.swift in Sources */,
				B31849072B340A0100D9B9B8 /* CCAnimateListController.swift in Sources */,
				B3C45E302A98A6B800AD3586 /* SceneDelegate.swift in Sources */,
				B3C45EA32AA025B200AD3586 /* AppleMapViewController.swift in Sources */,
				B3C046B72AD1597100A275BD /* ReadFileViewController.swift in Sources */,
				B3C45E3D2A98ABE000AD3586 /* CollectViewController.swift in Sources */,
			);
			runOnlyForDeploymentPostprocessing = 0;
		};
		B3C45E0E2A98754D00AD3586 /* Sources */ = {
			isa = PBXSourcesBuildPhase;
			buildActionMask = 2147483647;
			files = (
				B3C45E172A98754D00AD3586 /* MaxmooTests.swift in Sources */,
			);
			runOnlyForDeploymentPostprocessing = 0;
		};
		B3C45E182A98754D00AD3586 /* Sources */ = {
			isa = PBXSourcesBuildPhase;
			buildActionMask = 2147483647;
			files = (
				B3C45E212A98754D00AD3586 /* MaxmooUITests.swift in Sources */,
				B3C45E232A98754D00AD3586 /* MaxmooUITestsLaunchTests.swift in Sources */,
			);
			runOnlyForDeploymentPostprocessing = 0;
		};
/* End PBXSourcesBuildPhase section */

/* Begin PBXTargetDependency section */
		B3C45E142A98754D00AD3586 /* PBXTargetDependency */ = {
			isa = PBXTargetDependency;
			target = B3C45DFB2A98754C00AD3586 /* Maxmoo */;
			targetProxy = B3C45E132A98754D00AD3586 /* PBXContainerItemProxy */;
		};
		B3C45E1E2A98754D00AD3586 /* PBXTargetDependency */ = {
			isa = PBXTargetDependency;
			target = B3C45DFB2A98754C00AD3586 /* Maxmoo */;
			targetProxy = B3C45E1D2A98754D00AD3586 /* PBXContainerItemProxy */;
		};
/* End PBXTargetDependency section */

/* Begin PBXVariantGroup section */
		B3C45E052A98754C00AD3586 /* Main.storyboard */ = {
			isa = PBXVariantGroup;
			children = (
				B3C45E062A98754C00AD3586 /* Base */,
			);
			name = Main.storyboard;
			sourceTree = "<group>";
		};
		B3C45E0A2A98754D00AD3586 /* LaunchScreen.storyboard */ = {
			isa = PBXVariantGroup;
			children = (
				B3C45E0B2A98754D00AD3586 /* Base */,
			);
			name = LaunchScreen.storyboard;
			sourceTree = "<group>";
		};
/* End PBXVariantGroup section */

/* Begin XCBuildConfiguration section */
		B3C45E242A98754D00AD3586 /* Debug */ = {
			isa = XCBuildConfiguration;
			buildSettings = {
				ALWAYS_SEARCH_USER_PATHS = NO;
				CLANG_ANALYZER_NONNULL = YES;
				CLANG_ANALYZER_NUMBER_OBJECT_CONVERSION = YES_AGGRESSIVE;
				CLANG_CXX_LANGUAGE_STANDARD = "gnu++20";
				CLANG_ENABLE_MODULES = YES;
				CLANG_ENABLE_OBJC_ARC = YES;
				CLANG_ENABLE_OBJC_WEAK = YES;
				CLANG_WARN_BLOCK_CAPTURE_AUTORELEASING = YES;
				CLANG_WARN_BOOL_CONVERSION = YES;
				CLANG_WARN_COMMA = YES;
				CLANG_WARN_CONSTANT_CONVERSION = YES;
				CLANG_WARN_DEPRECATED_OBJC_IMPLEMENTATIONS = YES;
				CLANG_WARN_DIRECT_OBJC_ISA_USAGE = YES_ERROR;
				CLANG_WARN_DOCUMENTATION_COMMENTS = YES;
				CLANG_WARN_EMPTY_BODY = YES;
				CLANG_WARN_ENUM_CONVERSION = YES;
				CLANG_WARN_INFINITE_RECURSION = YES;
				CLANG_WARN_INT_CONVERSION = YES;
				CLANG_WARN_NON_LITERAL_NULL_CONVERSION = YES;
				CLANG_WARN_OBJC_IMPLICIT_RETAIN_SELF = YES;
				CLANG_WARN_OBJC_LITERAL_CONVERSION = YES;
				CLANG_WARN_OBJC_ROOT_CLASS = YES_ERROR;
				CLANG_WARN_QUOTED_INCLUDE_IN_FRAMEWORK_HEADER = YES;
				CLANG_WARN_RANGE_LOOP_ANALYSIS = YES;
				CLANG_WARN_STRICT_PROTOTYPES = YES;
				CLANG_WARN_SUSPICIOUS_MOVE = YES;
				CLANG_WARN_UNGUARDED_AVAILABILITY = YES_AGGRESSIVE;
				CLANG_WARN_UNREACHABLE_CODE = YES;
				CLANG_WARN__DUPLICATE_METHOD_MATCH = YES;
				COPY_PHASE_STRIP = NO;
				DEBUG_INFORMATION_FORMAT = dwarf;
				ENABLE_STRICT_OBJC_MSGSEND = YES;
				ENABLE_TESTABILITY = YES;
				GCC_C_LANGUAGE_STANDARD = gnu11;
				GCC_DYNAMIC_NO_PIC = NO;
				GCC_NO_COMMON_BLOCKS = YES;
				GCC_OPTIMIZATION_LEVEL = 0;
				GCC_PREPROCESSOR_DEFINITIONS = (
					"DEBUG=1",
					"$(inherited)",
				);
				GCC_WARN_64_TO_32_BIT_CONVERSION = YES;
				GCC_WARN_ABOUT_RETURN_TYPE = YES_ERROR;
				GCC_WARN_UNDECLARED_SELECTOR = YES;
				GCC_WARN_UNINITIALIZED_AUTOS = YES_AGGRESSIVE;
				GCC_WARN_UNUSED_FUNCTION = YES;
				GCC_WARN_UNUSED_VARIABLE = YES;
				IPHONEOS_DEPLOYMENT_TARGET = 16.4;
				MTL_ENABLE_DEBUG_INFO = INCLUDE_SOURCE;
				MTL_FAST_MATH = YES;
				ONLY_ACTIVE_ARCH = YES;
				SDKROOT = iphoneos;
				SWIFT_ACTIVE_COMPILATION_CONDITIONS = DEBUG;
				SWIFT_OPTIMIZATION_LEVEL = "-Onone";
			};
			name = Debug;
		};
		B3C45E252A98754D00AD3586 /* Release */ = {
			isa = XCBuildConfiguration;
			buildSettings = {
				ALWAYS_SEARCH_USER_PATHS = NO;
				CLANG_ANALYZER_NONNULL = YES;
				CLANG_ANALYZER_NUMBER_OBJECT_CONVERSION = YES_AGGRESSIVE;
				CLANG_CXX_LANGUAGE_STANDARD = "gnu++20";
				CLANG_ENABLE_MODULES = YES;
				CLANG_ENABLE_OBJC_ARC = YES;
				CLANG_ENABLE_OBJC_WEAK = YES;
				CLANG_WARN_BLOCK_CAPTURE_AUTORELEASING = YES;
				CLANG_WARN_BOOL_CONVERSION = YES;
				CLANG_WARN_COMMA = YES;
				CLANG_WARN_CONSTANT_CONVERSION = YES;
				CLANG_WARN_DEPRECATED_OBJC_IMPLEMENTATIONS = YES;
				CLANG_WARN_DIRECT_OBJC_ISA_USAGE = YES_ERROR;
				CLANG_WARN_DOCUMENTATION_COMMENTS = YES;
				CLANG_WARN_EMPTY_BODY = YES;
				CLANG_WARN_ENUM_CONVERSION = YES;
				CLANG_WARN_INFINITE_RECURSION = YES;
				CLANG_WARN_INT_CONVERSION = YES;
				CLANG_WARN_NON_LITERAL_NULL_CONVERSION = YES;
				CLANG_WARN_OBJC_IMPLICIT_RETAIN_SELF = YES;
				CLANG_WARN_OBJC_LITERAL_CONVERSION = YES;
				CLANG_WARN_OBJC_ROOT_CLASS = YES_ERROR;
				CLANG_WARN_QUOTED_INCLUDE_IN_FRAMEWORK_HEADER = YES;
				CLANG_WARN_RANGE_LOOP_ANALYSIS = YES;
				CLANG_WARN_STRICT_PROTOTYPES = YES;
				CLANG_WARN_SUSPICIOUS_MOVE = YES;
				CLANG_WARN_UNGUARDED_AVAILABILITY = YES_AGGRESSIVE;
				CLANG_WARN_UNREACHABLE_CODE = YES;
				CLANG_WARN__DUPLICATE_METHOD_MATCH = YES;
				COPY_PHASE_STRIP = NO;
				DEBUG_INFORMATION_FORMAT = "dwarf-with-dsym";
				ENABLE_NS_ASSERTIONS = NO;
				ENABLE_STRICT_OBJC_MSGSEND = YES;
				GCC_C_LANGUAGE_STANDARD = gnu11;
				GCC_NO_COMMON_BLOCKS = YES;
				GCC_WARN_64_TO_32_BIT_CONVERSION = YES;
				GCC_WARN_ABOUT_RETURN_TYPE = YES_ERROR;
				GCC_WARN_UNDECLARED_SELECTOR = YES;
				GCC_WARN_UNINITIALIZED_AUTOS = YES_AGGRESSIVE;
				GCC_WARN_UNUSED_FUNCTION = YES;
				GCC_WARN_UNUSED_VARIABLE = YES;
				IPHONEOS_DEPLOYMENT_TARGET = 16.4;
				MTL_ENABLE_DEBUG_INFO = NO;
				MTL_FAST_MATH = YES;
				SDKROOT = iphoneos;
				SWIFT_COMPILATION_MODE = wholemodule;
				SWIFT_OPTIMIZATION_LEVEL = "-O";
				VALIDATE_PRODUCT = YES;
			};
			name = Release;
		};
		B3C45E272A98754D00AD3586 /* Debug */ = {
			isa = XCBuildConfiguration;
			baseConfigurationReference = 8215677A8014EFD0213139E6 /* Pods-Maxmoo.debug.xcconfig */;
			buildSettings = {
				ASSETCATALOG_COMPILER_APPICON_NAME = AppIcon;
				ASSETCATALOG_COMPILER_GLOBAL_ACCENT_COLOR_NAME = AccentColor;
				CLANG_ENABLE_MODULES = YES;
				CODE_SIGN_STYLE = Automatic;
				CURRENT_PROJECT_VERSION = 1;
				DEVELOPMENT_TEAM = QUT35UC9Q8;
				GENERATE_INFOPLIST_FILE = YES;
				INFOPLIST_FILE = Maxmoo/Head/Info.plist;
				INFOPLIST_KEY_UIApplicationSupportsIndirectInputEvents = YES;
				INFOPLIST_KEY_UILaunchStoryboardName = LaunchScreen;
				INFOPLIST_KEY_UIMainStoryboardFile = Main;
				INFOPLIST_KEY_UISupportedInterfaceOrientations_iPad = "UIInterfaceOrientationPortrait UIInterfaceOrientationPortraitUpsideDown UIInterfaceOrientationLandscapeLeft UIInterfaceOrientationLandscapeRight";
				INFOPLIST_KEY_UISupportedInterfaceOrientations_iPhone = "UIInterfaceOrientationPortrait UIInterfaceOrientationLandscapeLeft UIInterfaceOrientationLandscapeRight";
				IPHONEOS_DEPLOYMENT_TARGET = 13.0;
				LD_RUNPATH_SEARCH_PATHS = (
					"$(inherited)",
					"@executable_path/Frameworks",
				);
				MARKETING_VERSION = 1.0;
				PRODUCT_BUNDLE_IDENTIFIER = com.coros.Maxmoo;
				PRODUCT_NAME = "$(TARGET_NAME)";
				SWIFT_EMIT_LOC_STRINGS = YES;
				SWIFT_OBJC_BRIDGING_HEADER = "Maxmoo/Head/Maxmoo-Bridging-Header.h";
				SWIFT_OPTIMIZATION_LEVEL = "-Onone";
				SWIFT_VERSION = 5.0;
				TARGETED_DEVICE_FAMILY = "1,2";
			};
			name = Debug;
		};
		B3C45E282A98754D00AD3586 /* Release */ = {
			isa = XCBuildConfiguration;
			baseConfigurationReference = 1F76971B15181D9E3E6D4CB0 /* Pods-Maxmoo.release.xcconfig */;
			buildSettings = {
				ASSETCATALOG_COMPILER_APPICON_NAME = AppIcon;
				ASSETCATALOG_COMPILER_GLOBAL_ACCENT_COLOR_NAME = AccentColor;
				CLANG_ENABLE_MODULES = YES;
				CODE_SIGN_STYLE = Automatic;
				CURRENT_PROJECT_VERSION = 1;
				DEVELOPMENT_TEAM = QUT35UC9Q8;
				GENERATE_INFOPLIST_FILE = YES;
				INFOPLIST_FILE = Maxmoo/Head/Info.plist;
				INFOPLIST_KEY_UIApplicationSupportsIndirectInputEvents = YES;
				INFOPLIST_KEY_UILaunchStoryboardName = LaunchScreen;
				INFOPLIST_KEY_UIMainStoryboardFile = Main;
				INFOPLIST_KEY_UISupportedInterfaceOrientations_iPad = "UIInterfaceOrientationPortrait UIInterfaceOrientationPortraitUpsideDown UIInterfaceOrientationLandscapeLeft UIInterfaceOrientationLandscapeRight";
				INFOPLIST_KEY_UISupportedInterfaceOrientations_iPhone = "UIInterfaceOrientationPortrait UIInterfaceOrientationLandscapeLeft UIInterfaceOrientationLandscapeRight";
				IPHONEOS_DEPLOYMENT_TARGET = 13.0;
				LD_RUNPATH_SEARCH_PATHS = (
					"$(inherited)",
					"@executable_path/Frameworks",
				);
				MARKETING_VERSION = 1.0;
				PRODUCT_BUNDLE_IDENTIFIER = com.coros.Maxmoo;
				PRODUCT_NAME = "$(TARGET_NAME)";
				SWIFT_EMIT_LOC_STRINGS = YES;
				SWIFT_OBJC_BRIDGING_HEADER = "Maxmoo/Head/Maxmoo-Bridging-Header.h";
				SWIFT_VERSION = 5.0;
				TARGETED_DEVICE_FAMILY = "1,2";
			};
			name = Release;
		};
		B3C45E2A2A98754D00AD3586 /* Debug */ = {
			isa = XCBuildConfiguration;
			buildSettings = {
				ALWAYS_EMBED_SWIFT_STANDARD_LIBRARIES = YES;
				BUNDLE_LOADER = "$(TEST_HOST)";
				CODE_SIGN_STYLE = Automatic;
				CURRENT_PROJECT_VERSION = 1;
				DEVELOPMENT_TEAM = QUT35UC9Q8;
				GENERATE_INFOPLIST_FILE = YES;
				IPHONEOS_DEPLOYMENT_TARGET = 16.4;
				MARKETING_VERSION = 1.0;
				PRODUCT_BUNDLE_IDENTIFIER = com.coros.MaxmooTests;
				PRODUCT_NAME = "$(TARGET_NAME)";
				SWIFT_EMIT_LOC_STRINGS = NO;
				SWIFT_VERSION = 5.0;
				TARGETED_DEVICE_FAMILY = "1,2";
				TEST_HOST = "$(BUILT_PRODUCTS_DIR)/Maxmoo.app/$(BUNDLE_EXECUTABLE_FOLDER_PATH)/Maxmoo";
			};
			name = Debug;
		};
		B3C45E2B2A98754D00AD3586 /* Release */ = {
			isa = XCBuildConfiguration;
			buildSettings = {
				ALWAYS_EMBED_SWIFT_STANDARD_LIBRARIES = YES;
				BUNDLE_LOADER = "$(TEST_HOST)";
				CODE_SIGN_STYLE = Automatic;
				CURRENT_PROJECT_VERSION = 1;
				DEVELOPMENT_TEAM = QUT35UC9Q8;
				GENERATE_INFOPLIST_FILE = YES;
				IPHONEOS_DEPLOYMENT_TARGET = 16.4;
				MARKETING_VERSION = 1.0;
				PRODUCT_BUNDLE_IDENTIFIER = com.coros.MaxmooTests;
				PRODUCT_NAME = "$(TARGET_NAME)";
				SWIFT_EMIT_LOC_STRINGS = NO;
				SWIFT_VERSION = 5.0;
				TARGETED_DEVICE_FAMILY = "1,2";
				TEST_HOST = "$(BUILT_PRODUCTS_DIR)/Maxmoo.app/$(BUNDLE_EXECUTABLE_FOLDER_PATH)/Maxmoo";
			};
			name = Release;
		};
		B3C45E2D2A98754D00AD3586 /* Debug */ = {
			isa = XCBuildConfiguration;
			buildSettings = {
				ALWAYS_EMBED_SWIFT_STANDARD_LIBRARIES = YES;
				CODE_SIGN_STYLE = Automatic;
				CURRENT_PROJECT_VERSION = 1;
				DEVELOPMENT_TEAM = QUT35UC9Q8;
				GENERATE_INFOPLIST_FILE = YES;
				MARKETING_VERSION = 1.0;
				PRODUCT_BUNDLE_IDENTIFIER = com.coros.MaxmooUITests;
				PRODUCT_NAME = "$(TARGET_NAME)";
				SWIFT_EMIT_LOC_STRINGS = NO;
				SWIFT_VERSION = 5.0;
				TARGETED_DEVICE_FAMILY = "1,2";
				TEST_TARGET_NAME = Maxmoo;
			};
			name = Debug;
		};
		B3C45E2E2A98754D00AD3586 /* Release */ = {
			isa = XCBuildConfiguration;
			buildSettings = {
				ALWAYS_EMBED_SWIFT_STANDARD_LIBRARIES = YES;
				CODE_SIGN_STYLE = Automatic;
				CURRENT_PROJECT_VERSION = 1;
				DEVELOPMENT_TEAM = QUT35UC9Q8;
				GENERATE_INFOPLIST_FILE = YES;
				MARKETING_VERSION = 1.0;
				PRODUCT_BUNDLE_IDENTIFIER = com.coros.MaxmooUITests;
				PRODUCT_NAME = "$(TARGET_NAME)";
				SWIFT_EMIT_LOC_STRINGS = NO;
				SWIFT_VERSION = 5.0;
				TARGETED_DEVICE_FAMILY = "1,2";
				TEST_TARGET_NAME = Maxmoo;
			};
			name = Release;
		};
/* End XCBuildConfiguration section */

/* Begin XCConfigurationList section */
		B3C45DF72A98754C00AD3586 /* Build configuration list for PBXProject "Maxmoo" */ = {
			isa = XCConfigurationList;
			buildConfigurations = (
				B3C45E242A98754D00AD3586 /* Debug */,
				B3C45E252A98754D00AD3586 /* Release */,
			);
			defaultConfigurationIsVisible = 0;
			defaultConfigurationName = Release;
		};
		B3C45E262A98754D00AD3586 /* Build configuration list for PBXNativeTarget "Maxmoo" */ = {
			isa = XCConfigurationList;
			buildConfigurations = (
				B3C45E272A98754D00AD3586 /* Debug */,
				B3C45E282A98754D00AD3586 /* Release */,
			);
			defaultConfigurationIsVisible = 0;
			defaultConfigurationName = Release;
		};
		B3C45E292A98754D00AD3586 /* Build configuration list for PBXNativeTarget "MaxmooTests" */ = {
			isa = XCConfigurationList;
			buildConfigurations = (
				B3C45E2A2A98754D00AD3586 /* Debug */,
				B3C45E2B2A98754D00AD3586 /* Release */,
			);
			defaultConfigurationIsVisible = 0;
			defaultConfigurationName = Release;
		};
		B3C45E2C2A98754D00AD3586 /* Build configuration list for PBXNativeTarget "MaxmooUITests" */ = {
			isa = XCConfigurationList;
			buildConfigurations = (
				B3C45E2D2A98754D00AD3586 /* Debug */,
				B3C45E2E2A98754D00AD3586 /* Release */,
			);
			defaultConfigurationIsVisible = 0;
			defaultConfigurationName = Release;
		};
/* End XCConfigurationList section */
	};
	rootObject = B3C45DF42A98754C00AD3586 /* Project object */;
}
